
Microsoft Visual Studio Solution File, Format Version 12.00
# Visual Studio 15
VisualStudioVersion = 15.0.26730.12
MinimumVisualStudioVersion = 10.0.40219.1
Project("{FAE04EC0-301F-11D3-BF4B-00C04F79EFBC}") = "DIAS", "DIAS\DIAS.csproj", "{9CCCF58B-A56E-45B3-A63D-BB631990FACE}"
EndProject
Project("{D954291E-2A0B-460D-934E-DC6B0785DB48}") = "DIAS.Shared", "DIAS.Shared\DIAS.Shared.shproj", "{C5E91462-848D-4357-919D-ED7216759267}"
EndProject
Project("{FAE04EC0-301F-11D3-BF4B-00C04F79EFBC}") = "DIAS.DataModel", "DIAS.DataModel\DIAS.DataModel.csproj", "{84F2859C-49BB-4B11-83D7-749E0033DBF6}"
EndProject
Project("{FAE04EC0-301F-11D3-BF4B-00C04F79EFBC}") = "DIAS.Infrasturcture", "DIAS.Infrasturcture\DIAS.Infrasturcture.csproj", "{60407962-0374-4685-90D8-36F39C6E6613}"
EndProject
Global
	GlobalSection(SharedMSBuildProjectFiles) = preSolution
		DIAS.Shared\DIAS.Shared.projitems*{c5e91462-848d-4357-919d-ed7216759267}*SharedItemsImports = 13
	EndGlobalSection
	GlobalSection(SolutionConfigurationPlatforms) = preSolution
		Debug|Any CPU = Debug|Any CPU
		Release|Any CPU = Release|Any CPU
	EndGlobalSection
	GlobalSection(ProjectConfigurationPlatforms) = postSolution
		{9CCCF58B-A56E-45B3-A63D-BB631990FACE}.Debug|Any CPU.ActiveCfg = Debug|Any CPU
		{9CCCF58B-A56E-45B3-A63D-BB631990FACE}.Debug|Any CPU.Build.0 = Debug|Any CPU
		{9CCCF58B-A56E-45B3-A63D-BB631990FACE}.Release|Any CPU.ActiveCfg = Release|Any CPU
		{9CCCF58B-A56E-45B3-A63D-BB631990FACE}.Release|Any CPU.Build.0 = Release|Any CPU
		{84F2859C-49BB-4B11-83D7-749E0033DBF6}.Debug|Any CPU.ActiveCfg = Debug|Any CPU
		{84F2859C-49BB-4B11-83D7-749E0033DBF6}.Debug|Any CPU.Build.0 = Debug|Any CPU
		{84F2859C-49BB-4B11-83D7-749E0033DBF6}.Release|Any CPU.ActiveCfg = Release|Any CPU
		{84F2859C-49BB-4B11-83D7-749E0033DBF6}.Release|Any CPU.Build.0 = Release|Any CPU
		{60407962-0374-4685-90D8-36F39C6E6613}.Debug|Any CPU.ActiveCfg = Debug|Any CPU
		{60407962-0374-4685-90D8-36F39C6E6613}.Debug|Any CPU.Build.0 = Debug|Any CPU
		{60407962-0374-4685-90D8-36F39C6E6613}.Release|Any CPU.ActiveCfg = Release|Any CPU
		{60407962-0374-4685-90D8-36F39C6E6613}.Release|Any CPU.Build.0 = Release|Any CPU
	EndGlobalSection
	GlobalSection(SolutionProperties) = preSolution
		HideSolutionNode = FALSE
	EndGlobalSection
	GlobalSection(ExtensibilityGlobals) = postSolution
		SolutionGuid = {954C430A-790A-4487-886B-B326E516A4BF}
	EndGlobalSection
EndGlobal
